
Microsoft Visual Studio Solution File, Format Version 12.00
# Visual Studio Version 16
VisualStudioVersion = 16.0.29709.97
MinimumVisualStudioVersion = 10.0.40219.1
Project("{FAE04EC0-301F-11D3-BF4B-00C04F79EFBC}") = "Nibo.App", "srv\Nibo.App\Nibo.App.csproj", "{928CB21F-7B78-4205-9CD1-A9CB52DA2775}"
EndProject
Project("{FAE04EC0-301F-11D3-BF4B-00C04F79EFBC}") = "Nibo.Business", "srv\Nibo.Business\Nibo.Business.csproj", "{EADBE1F3-3F68-4CC5-BC3C-BF4ED0A9603E}"
EndProject
Project("{FAE04EC0-301F-11D3-BF4B-00C04F79EFBC}") = "Nibo.Data", "srv\Nibo.Data\Nibo.Data.csproj", "{FE94FFD8-D556-451C-8009-997F481DA4BF}"
EndProject
Global
	GlobalSection(SolutionConfigurationPlatforms) = preSolution
		Debug|Any CPU = Debug|Any CPU
		Release|Any CPU = Release|Any CPU
	EndGlobalSection
	GlobalSection(ProjectConfigurationPlatforms) = postSolution
		{928CB21F-7B78-4205-9CD1-A9CB52DA2775}.Debug|Any CPU.ActiveCfg = Debug|Any CPU
		{928CB21F-7B78-4205-9CD1-A9CB52DA2775}.Debug|Any CPU.Build.0 = Debug|Any CPU
		{928CB21F-7B78-4205-9CD1-A9CB52DA2775}.Release|Any CPU.ActiveCfg = Release|Any CPU
		{928CB21F-7B78-4205-9CD1-A9CB52DA2775}.Release|Any CPU.Build.0 = Release|Any CPU
		{EADBE1F3-3F68-4CC5-BC3C-BF4ED0A9603E}.Debug|Any CPU.ActiveCfg = Debug|Any CPU
		{EADBE1F3-3F68-4CC5-BC3C-BF4ED0A9603E}.Debug|Any CPU.Build.0 = Debug|Any CPU
		{EADBE1F3-3F68-4CC5-BC3C-BF4ED0A9603E}.Release|Any CPU.ActiveCfg = Release|Any CPU
		{EADBE1F3-3F68-4CC5-BC3C-BF4ED0A9603E}.Release|Any CPU.Build.0 = Release|Any CPU
		{FE94FFD8-D556-451C-8009-997F481DA4BF}.Debug|Any CPU.ActiveCfg = Debug|Any CPU
		{FE94FFD8-D556-451C-8009-997F481DA4BF}.Debug|Any CPU.Build.0 = Debug|Any CPU
		{FE94FFD8-D556-451C-8009-997F481DA4BF}.Release|Any CPU.ActiveCfg = Release|Any CPU
		{FE94FFD8-D556-451C-8009-997F481DA4BF}.Release|Any CPU.Build.0 = Release|Any CPU
	EndGlobalSection
	GlobalSection(SolutionProperties) = preSolution
		HideSolutionNode = FALSE
	EndGlobalSection
	GlobalSection(ExtensibilityGlobals) = postSolution
		SolutionGuid = {C9336EEB-BA5E-405B-A289-C424E43633E1}
	EndGlobalSection
EndGlobal
